// !$*UTF8*$!
{
	archiveVersion = 1;
	classes = {
	};
	objectVersion = 50;
	objects = {

/* Begin PBXBuildFile section */
		A145EA0926314DF0001CE8DE /* AppDelegate.swift in Sources */ = {isa = PBXBuildFile; fileRef = A145EA0826314DF0001CE8DE /* AppDelegate.swift */; };
		A145EA0B26314DF0001CE8DE /* SceneDelegate.swift in Sources */ = {isa = PBXBuildFile; fileRef = A145EA0A26314DF0001CE8DE /* SceneDelegate.swift */; };
		A145EA0D26314DF0001CE8DE /* ViewController.swift in Sources */ = {isa = PBXBuildFile; fileRef = A145EA0C26314DF0001CE8DE /* ViewController.swift */; };
		A145EA1026314DF0001CE8DE /* Main.storyboard in Resources */ = {isa = PBXBuildFile; fileRef = A145EA0E26314DF0001CE8DE /* Main.storyboard */; };
		A145EA1226314DF3001CE8DE /* Assets.xcassets in Resources */ = {isa = PBXBuildFile; fileRef = A145EA1126314DF3001CE8DE /* Assets.xcassets */; };
		A145EA1526314DF3001CE8DE /* LaunchScreen.storyboard in Resources */ = {isa = PBXBuildFile; fileRef = A145EA1326314DF3001CE8DE /* LaunchScreen.storyboard */; };
		A145EA202631586C001CE8DE /* Song.swift in Sources */ = {isa = PBXBuildFile; fileRef = A145EA1F2631586C001CE8DE /* Song.swift */; };
		A145EA24263158F6001CE8DE /* ViewModel.swift in Sources */ = {isa = PBXBuildFile; fileRef = A145EA23263158F6001CE8DE /* ViewModel.swift */; };
		A145EA282631591B001CE8DE /* APIService.swift in Sources */ = {isa = PBXBuildFile; fileRef = A145EA272631591B001CE8DE /* APIService.swift */; };
/* End PBXBuildFile section */

/* Begin PBXFileReference section */
		A145EA0526314DF0001CE8DE /* SearchBarInTableViewHeader.app */ = {isa = PBXFileReference; explicitFileType = wrapper.application; includeInIndex = 0; path = SearchBarInTableViewHeader.app; sourceTree = BUILT_PRODUCTS_DIR; };
		A145EA0826314DF0001CE8DE /* AppDelegate.swift */ = {isa = PBXFileReference; lastKnownFileType = sourcecode.swift; path = AppDelegate.swift; sourceTree = "<group>"; };
		A145EA0A26314DF0001CE8DE /* SceneDelegate.swift */ = {isa = PBXFileReference; lastKnownFileType = sourcecode.swift; path = SceneDelegate.swift; sourceTree = "<group>"; };
		A145EA0C26314DF0001CE8DE /* ViewController.swift */ = {isa = PBXFileReference; lastKnownFileType = sourcecode.swift; path = ViewController.swift; sourceTree = "<group>"; };
		A145EA0F26314DF0001CE8DE /* Base */ = {isa = PBXFileReference; lastKnownFileType = file.storyboard; name = Base; path = Base.lproj/Main.storyboard; sourceTree = "<group>"; };
		A145EA1126314DF3001CE8DE /* Assets.xcassets */ = {isa = PBXFileReference; lastKnownFileType = folder.assetcatalog; path = Assets.xcassets; sourceTree = "<group>"; };
		A145EA1426314DF3001CE8DE /* Base */ = {isa = PBXFileReference; lastKnownFileType = file.storyboard; name = Base; path = Base.lproj/LaunchScreen.storyboard; sourceTree = "<group>"; };
		A145EA1626314DF3001CE8DE /* Info.plist */ = {isa = PBXFileReference; lastKnownFileType = text.plist.xml; path = Info.plist; sourceTree = "<group>"; };
		A145EA1F2631586C001CE8DE /* Song.swift */ = {isa = PBXFileReference; lastKnownFileType = sourcecode.swift; path = Song.swift; sourceTree = "<group>"; };
		A145EA23263158F6001CE8DE /* ViewModel.swift */ = {isa = PBXFileReference; lastKnownFileType = sourcecode.swift; path = ViewModel.swift; sourceTree = "<group>"; };
		A145EA272631591B001CE8DE /* APIService.swift */ = {isa = PBXFileReference; lastKnownFileType = sourcecode.swift; path = APIService.swift; sourceTree = "<group>"; };
/* End PBXFileReference section */

/* Begin PBXFrameworksBuildPhase section */
		A145EA0226314DF0001CE8DE /* Frameworks */ = {
			isa = PBXFrameworksBuildPhase;
			buildActionMask = 2147483647;
			files = (
			);
			runOnlyForDeploymentPostprocessing = 0;
		};
/* End PBXFrameworksBuildPhase section */

/* Begin PBXGroup section */
		A145E9FC26314DF0001CE8DE = {
			isa = PBXGroup;
			children = (
				A145EA0726314DF0001CE8DE /* SearchBarInTableViewHeader */,
				A145EA0626314DF0001CE8DE /* Products */,
			);
			sourceTree = "<group>";
		};
		A145EA0626314DF0001CE8DE /* Products */ = {
			isa = PBXGroup;
			children = (
				A145EA0526314DF0001CE8DE /* SearchBarInTableViewHeader.app */,
			);
			name = Products;
			sourceTree = "<group>";
		};
		A145EA0726314DF0001CE8DE /* SearchBarInTableViewHeader */ = {
			isa = PBXGroup;
			children = (
				A145EA22263158CD001CE8DE /* Module */,
				A145EA1E26315840001CE8DE /* Model */,
				A145EA1D2631583B001CE8DE /* Service */,
				A145EA0826314DF0001CE8DE /* AppDelegate.swift */,
				A145EA0A26314DF0001CE8DE /* SceneDelegate.swift */,
				A145EA0E26314DF0001CE8DE /* Main.storyboard */,
				A145EA1126314DF3001CE8DE /* Assets.xcassets */,
				A145EA1326314DF3001CE8DE /* LaunchScreen.storyboard */,
				A145EA1626314DF3001CE8DE /* Info.plist */,
			);
			path = SearchBarInTableViewHeader;
			sourceTree = "<group>";
		};
		A145EA1D2631583B001CE8DE /* Service */ = {
			isa = PBXGroup;
			children = (
				A145EA272631591B001CE8DE /* APIService.swift */,
			);
			path = Service;
			sourceTree = "<group>";
		};
		A145EA1E26315840001CE8DE /* Model */ = {
			isa = PBXGroup;
			children = (
				A145EA1F2631586C001CE8DE /* Song.swift */,
			);
			path = Model;
			sourceTree = "<group>";
		};
		A145EA22263158CD001CE8DE /* Module */ = {
			isa = PBXGroup;
			children = (
				A145EA0C26314DF0001CE8DE /* ViewController.swift */,
				A145EA23263158F6001CE8DE /* ViewModel.swift */,
			);
			path = Module;
			sourceTree = "<group>";
		};
/* End PBXGroup section */

/* Begin PBXNativeTarget section */
		A145EA0426314DF0001CE8DE /* SearchBarInTableViewHeader */ = {
			isa = PBXNativeTarget;
			buildConfigurationList = A145EA1926314DF3001CE8DE /* Build configuration list for PBXNativeTarget "SearchBarInTableViewHeader" */;
			buildPhases = (
				A145EA0126314DF0001CE8DE /* Sources */,
				A145EA0226314DF0001CE8DE /* Frameworks */,
				A145EA0326314DF0001CE8DE /* Resources */,
			);
			buildRules = (
			);
			dependencies = (
			);
			name = SearchBarInTableViewHeader;
			productName = SearchBarInTableViewHeader;
			productReference = A145EA0526314DF0001CE8DE /* SearchBarInTableViewHeader.app */;
			productType = "com.apple.product-type.application";
		};
/* End PBXNativeTarget section */

/* Begin PBXProject section */
		A145E9FD26314DF0001CE8DE /* Project object */ = {
			isa = PBXProject;
			attributes = {
				LastSwiftUpdateCheck = 1240;
				LastUpgradeCheck = 1240;
				TargetAttributes = {
					A145EA0426314DF0001CE8DE = {
						CreatedOnToolsVersion = 12.4;
					};
				};
			};
			buildConfigurationList = A145EA0026314DF0001CE8DE /* Build configuration list for PBXProject "SearchBarInTableViewHeader" */;
			compatibilityVersion = "Xcode 9.3";
			developmentRegion = en;
			hasScannedForEncodings = 0;
			knownRegions = (
				en,
				Base,
			);
			mainGroup = A145E9FC26314DF0001CE8DE;
			productRefGroup = A145EA0626314DF0001CE8DE /* Products */;
			projectDirPath = "";
			projectRoot = "";
			targets = (
				A145EA0426314DF0001CE8DE /* SearchBarInTableViewHeader */,
			);
		};
/* End PBXProject section */

/* Begin PBXResourcesBuildPhase section */
		A145EA0326314DF0001CE8DE /* Resources */ = {
			isa = PBXResourcesBuildPhase;
			buildActionMask = 2147483647;
			files = (
				A145EA1526314DF3001CE8DE /* LaunchScreen.storyboard in Resources */,
				A145EA1226314DF3001CE8DE /* Assets.xcassets in Resources */,
				A145EA1026314DF0001CE8DE /* Main.storyboard in Resources */,
			);
			runOnlyForDeploymentPostprocessing = 0;
		};
/* End PBXResourcesBuildPhase section */

/* Begin PBXSourcesBuildPhase section */
		A145EA0126314DF0001CE8DE /* Sources */ = {
			isa = PBXSourcesBuildPhase;
			buildActionMask = 2147483647;
			files = (
				A145EA24263158F6001CE8DE /* ViewModel.swift in Sources */,
				A145EA202631586C001CE8DE /* Song.swift in Sources */,
				A145EA0D26314DF0001CE8DE /* ViewController.swift in Sources */,
				A145EA0926314DF0001CE8DE /* AppDelegate.swift in Sources */,
				A145EA282631591B001CE8DE /* APIService.swift in Sources */,
				A145EA0B26314DF0001CE8DE /* SceneDelegate.swift in Sources */,
			);
			runOnlyForDeploymentPostprocessing = 0;
		};
/* End PBXSourcesBuildPhase section */

/* Begin PBXVariantGroup section */
		A145EA0E26314DF0001CE8DE /* Main.storyboard */ = {
			isa = PBXVariantGroup;
			children = (
				A145EA0F26314DF0001CE8DE /* Base */,
			);
			name = Main.storyboard;
			sourceTree = "<group>";
		};
		A145EA1326314DF3001CE8DE /* LaunchScreen.storyboard */ = {
			isa = PBXVariantGroup;
			children = (
				A145EA1426314DF3001CE8DE /* Base */,
			);
			name = LaunchScreen.storyboard;
			sourceTree = "<group>";
		};
/* End PBXVariantGroup section */

/* Begin XCBuildConfiguration section */
		A145EA1726314DF3001CE8DE /* Debug */ = {
			isa = XCBuildConfiguration;
			buildSettings = {
				ALWAYS_SEARCH_USER_PATHS = NO;
				CLANG_ANALYZER_NONNULL = YES;
				CLANG_ANALYZER_NUMBER_OBJECT_CONVERSION = YES_AGGRESSIVE;
				CLANG_CXX_LANGUAGE_STANDARD = "gnu++14";
				CLANG_CXX_LIBRARY = "libc++";
				CLANG_ENABLE_MODULES = YES;
				CLANG_ENABLE_OBJC_ARC = YES;
				CLANG_ENABLE_OBJC_WEAK = YES;
				CLANG_WARN_BLOCK_CAPTURE_AUTORELEASING = YES;
				CLANG_WARN_BOOL_CONVERSION = YES;
				CLANG_WARN_COMMA = YES;
				CLANG_WARN_CONSTANT_CONVERSION = YES;
				CLANG_WARN_DEPRECATED_OBJC_IMPLEMENTATIONS = YES;
				CLANG_WARN_DIRECT_OBJC_ISA_USAGE = YES_ERROR;
				CLANG_WARN_DOCUMENTATION_COMMENTS = YES;
				CLANG_WARN_EMPTY_BODY = YES;
				CLANG_WARN_ENUM_CONVERSION = YES;
				CLANG_WARN_INFINITE_RECURSION = YES;
				CLANG_WARN_INT_CONVERSION = YES;
				CLANG_WARN_NON_LITERAL_NULL_CONVERSION = YES;
				CLANG_WARN_OBJC_IMPLICIT_RETAIN_SELF = YES;
				CLANG_WARN_OBJC_LITERAL_CONVERSION = YES;
				CLANG_WARN_OBJC_ROOT_CLASS = YES_ERROR;
				CLANG_WARN_QUOTED_INCLUDE_IN_FRAMEWORK_HEADER = YES;
				CLANG_WARN_RANGE_LOOP_ANALYSIS = YES;
				CLANG_WARN_STRICT_PROTOTYPES = YES;
				CLANG_WARN_SUSPICIOUS_MOVE = YES;
				CLANG_WARN_UNGUARDED_AVAILABILITY = YES_AGGRESSIVE;
				CLANG_WARN_UNREACHABLE_CODE = YES;
				CLANG_WARN__DUPLICATE_METHOD_MATCH = YES;
				COPY_PHASE_STRIP = NO;
				DEBUG_INFORMATION_FORMAT = dwarf;
				ENABLE_STRICT_OBJC_MSGSEND = YES;
				ENABLE_TESTABILITY = YES;
				GCC_C_LANGUAGE_STANDARD = gnu11;
				GCC_DYNAMIC_NO_PIC = NO;
				GCC_NO_COMMON_BLOCKS = YES;
				GCC_OPTIMIZATION_LEVEL = 0;
				GCC_PREPROCESSOR_DEFINITIONS = (
					"DEBUG=1",
					"$(inherited)",
				);
				GCC_WARN_64_TO_32_BIT_CONVERSION = YES;
				GCC_WARN_ABOUT_RETURN_TYPE = YES_ERROR;
				GCC_WARN_UNDECLARED_SELECTOR = YES;
				GCC_WARN_UNINITIALIZED_AUTOS = YES_AGGRESSIVE;
				GCC_WARN_UNUSED_FUNCTION = YES;
				GCC_WARN_UNUSED_VARIABLE = YES;
				IPHONEOS_DEPLOYMENT_TARGET = 14.4;
				MTL_ENABLE_DEBUG_INFO = INCLUDE_SOURCE;
				MTL_FAST_MATH = YES;
				ONLY_ACTIVE_ARCH = YES;
				SDKROOT = iphoneos;
				SWIFT_ACTIVE_COMPILATION_CONDITIONS = DEBUG;
				SWIFT_OPTIMIZATION_LEVEL = "-Onone";
			};
			name = Debug;
		};
		A145EA1826314DF3001CE8DE /* Release */ = {
			isa = XCBuildConfiguration;
			buildSettings = {
				ALWAYS_SEARCH_USER_PATHS = NO;
				CLANG_ANALYZER_NONNULL = YES;
				CLANG_ANALYZER_NUMBER_OBJECT_CONVERSION = YES_AGGRESSIVE;
				CLANG_CXX_LANGUAGE_STANDARD = "gnu++14";
				CLANG_CXX_LIBRARY = "libc++";
				CLANG_ENABLE_MODULES = YES;
				CLANG_ENABLE_OBJC_ARC = YES;
				CLANG_ENABLE_OBJC_WEAK = YES;
				CLANG_WARN_BLOCK_CAPTURE_AUTORELEASING = YES;
				CLANG_WARN_BOOL_CONVERSION = YES;
				CLANG_WARN_COMMA = YES;
				CLANG_WARN_CONSTANT_CONVERSION = YES;
				CLANG_WARN_DEPRECATED_OBJC_IMPLEMENTATIONS = YES;
				CLANG_WARN_DIRECT_OBJC_ISA_USAGE = YES_ERROR;
				CLANG_WARN_DOCUMENTATION_COMMENTS = YES;
				CLANG_WARN_EMPTY_BODY = YES;
				CLANG_WARN_ENUM_CONVERSION = YES;
				CLANG_WARN_INFINITE_RECURSION = YES;
				CLANG_WARN_INT_CONVERSION = YES;
				CLANG_WARN_NON_LITERAL_NULL_CONVERSION = YES;
				CLANG_WARN_OBJC_IMPLICIT_RETAIN_SELF = YES;
				CLANG_WARN_OBJC_LITERAL_CONVERSION = YES;
				CLANG_WARN_OBJC_ROOT_CLASS = YES_ERROR;
				CLANG_WARN_QUOTED_INCLUDE_IN_FRAMEWORK_HEADER = YES;
				CLANG_WARN_RANGE_LOOP_ANALYSIS = YES;
				CLANG_WARN_STRICT_PROTOTYPES = YES;
				CLANG_WARN_SUSPICIOUS_MOVE = YES;
				CLANG_WARN_UNGUARDED_AVAILABILITY = YES_AGGRESSIVE;
				CLANG_WARN_UNREACHABLE_CODE = YES;
				CLANG_WARN__DUPLICATE_METHOD_MATCH = YES;
				COPY_PHASE_STRIP = NO;
				DEBUG_INFORMATION_FORMAT = "dwarf-with-dsym";
				ENABLE_NS_ASSERTIONS = NO;
				ENABLE_STRICT_OBJC_MSGSEND = YES;
				GCC_C_LANGUAGE_STANDARD = gnu11;
				GCC_NO_COMMON_BLOCKS = YES;
				GCC_WARN_64_TO_32_BIT_CONVERSION = YES;
				GCC_WARN_ABOUT_RETURN_TYPE = YES_ERROR;
				GCC_WARN_UNDECLARED_SELECTOR = YES;
				GCC_WARN_UNINITIALIZED_AUTOS = YES_AGGRESSIVE;
				GCC_WARN_UNUSED_FUNCTION = YES;
				GCC_WARN_UNUSED_VARIABLE = YES;
				IPHONEOS_DEPLOYMENT_TARGET = 14.4;
				MTL_ENABLE_DEBUG_INFO = NO;
				MTL_FAST_MATH = YES;
				SDKROOT = iphoneos;
				SWIFT_COMPILATION_MODE = wholemodule;
				SWIFT_OPTIMIZATION_LEVEL = "-O";
				VALIDATE_PRODUCT = YES;
			};
			name = Release;
		};
		A145EA1A26314DF3001CE8DE /* Debug */ = {
			isa = XCBuildConfiguration;
			buildSettings = {
				ASSETCATALOG_COMPILER_APPICON_NAME = AppIcon;
				ASSETCATALOG_COMPILER_GLOBAL_ACCENT_COLOR_NAME = AccentColor;
				CODE_SIGN_STYLE = Automatic;
				DEVELOPMENT_TEAM = QCS2J62LCS;
				INFOPLIST_FILE = SearchBarInTableViewHeader/Info.plist;
				LD_RUNPATH_SEARCH_PATHS = (
					"$(inherited)",
					"@executable_path/Frameworks",
				);
				PRODUCT_BUNDLE_IDENTIFIER = Andy.Liu.SearchBarInTableViewHeader;
				PRODUCT_NAME = "$(TARGET_NAME)";
				SWIFT_VERSION = 5.0;
				TARGETED_DEVICE_FAMILY = "1,2";
			};
			name = Debug;
		};
		A145EA1B26314DF3001CE8DE /* Release */ = {
			isa = XCBuildConfiguration;
			buildSettings = {
				ASSETCATALOG_COMPILER_APPICON_NAME = AppIcon;
				ASSETCATALOG_COMPILER_GLOBAL_ACCENT_COLOR_NAME = AccentColor;
				CODE_SIGN_STYLE = Automatic;
				DEVELOPMENT_TEAM = QCS2J62LCS;
				INFOPLIST_FILE = SearchBarInTableViewHeader/Info.plist;
				LD_RUNPATH_SEARCH_PATHS = (
					"$(inherited)",
					"@executable_path/Frameworks",
				);
				PRODUCT_BUNDLE_IDENTIFIER = Andy.Liu.SearchBarInTableViewHeader;
				PRODUCT_NAME = "$(TARGET_NAME)";
				SWIFT_VERSION = 5.0;
				TARGETED_DEVICE_FAMILY = "1,2";
			};
			name = Release;
		};
/* End XCBuildConfiguration section */

/* Begin XCConfigurationList section */
		A145EA0026314DF0001CE8DE /* Build configuration list for PBXProject "SearchBarInTableViewHeader" */ = {
			isa = XCConfigurationList;
			buildConfigurations = (
				A145EA1726314DF3001CE8DE /* Debug */,
				A145EA1826314DF3001CE8DE /* Release */,
			);
			defaultConfigurationIsVisible = 0;
			defaultConfigurationName = Release;
		};
		A145EA1926314DF3001CE8DE /* Build configuration list for PBXNativeTarget "SearchBarInTableViewHeader" */ = {
			isa = XCConfigurationList;
			buildConfigurations = (
				A145EA1A26314DF3001CE8DE /* Debug */,
				A145EA1B26314DF3001CE8DE /* Release */,
			);
			defaultConfigurationIsVisible = 0;
			defaultConfigurationName = Release;
		};
/* End XCConfigurationList section */
	};
	rootObject = A145E9FD26314DF0001CE8DE /* Project object */;
}
